
Microsoft Visual Studio Solution File, Format Version 12.00
# Visual Studio 15
VisualStudioVersion = 15.0.28307.779
MinimumVisualStudioVersion = 10.0.40219.1
Project("{FAE04EC0-301F-11D3-BF4B-00C04F79EFBC}") = "ILoveSparzhaMVC", "ILoveSparzhaMVC\ILoveSparzhaMVC.csproj", "{5ACA3082-36E8-4AB8-80D2-34A22B6BCE28}"
EndProject
Global
	GlobalSection(SolutionConfigurationPlatforms) = preSolution
		Debug|Any CPU = Debug|Any CPU
		Release|Any CPU = Release|Any CPU
	EndGlobalSection
	GlobalSection(ProjectConfigurationPlatforms) = postSolution
		{5ACA3082-36E8-4AB8-80D2-34A22B6BCE28}.Debug|Any CPU.ActiveCfg = Debug|Any CPU
		{5ACA3082-36E8-4AB8-80D2-34A22B6BCE28}.Debug|Any CPU.Build.0 = Debug|Any CPU
		{5ACA3082-36E8-4AB8-80D2-34A22B6BCE28}.Release|Any CPU.ActiveCfg = Release|Any CPU
		{5ACA3082-36E8-4AB8-80D2-34A22B6BCE28}.Release|Any CPU.Build.0 = Release|Any CPU
	EndGlobalSection
	GlobalSection(SolutionProperties) = preSolution
		HideSolutionNode = FALSE
	EndGlobalSection
	GlobalSection(ExtensibilityGlobals) = postSolution
		SolutionGuid = {FAEA089B-CD27-430B-834F-F5E0168DD324}
	EndGlobalSection
EndGlobal
